
Microsoft Visual Studio Solution File, Format Version 12.00
# Visual Studio 2012
Project("{FAE04EC0-301F-11D3-BF4B-00C04F79EFBC}") = "焦点进程监控工具", "WindowsFormsApplication2\焦点进程监控工具.csproj", "{B927DE7C-8F9A-437A-BFC2-B865BCE3193D}"
EndProject
Global
	GlobalSection(SolutionConfigurationPlatforms) = preSolution
		Debug|Any CPU = Debug|Any CPU
		Release|Any CPU = Release|Any CPU
	EndGlobalSection
	GlobalSection(ProjectConfigurationPlatforms) = postSolution
		{B927DE7C-8F9A-437A-BFC2-B865BCE3193D}.Debug|Any CPU.ActiveCfg = Debug|Any CPU
		{B927DE7C-8F9A-437A-BFC2-B865BCE3193D}.Debug|Any CPU.Build.0 = Debug|Any CPU
		{B927DE7C-8F9A-437A-BFC2-B865BCE3193D}.Release|Any CPU.ActiveCfg = Release|Any CPU
		{B927DE7C-8F9A-437A-BFC2-B865BCE3193D}.Release|Any CPU.Build.0 = Release|Any CPU
	EndGlobalSection
	GlobalSection(SolutionProperties) = preSolution
		HideSolutionNode = FALSE
	EndGlobalSection
EndGlobal
